
Microsoft Visual Studio Solution File, Format Version 12.00
# Visual Studio Version 17
VisualStudioVersion = 17.6.33801.468
MinimumVisualStudioVersion = 10.0.40219.1
Project("{FAE04EC0-301F-11D3-BF4B-00C04F79EFBC}") = "PierwiastekKwadratowy", "PierwiastekKwadratowy.csproj", "{D5AF4EC4-6068-4CDF-9ADF-34D07A1BB126}"
EndProject
Project("{FAE04EC0-301F-11D3-BF4B-00C04F79EFBC}") = "UnitTest", "..\UnitTest\UnitTest.csproj", "{7FA0EB58-E5CE-4E39-9ECC-C5A60C3A7D37}"
EndProject
Global
	GlobalSection(SolutionConfigurationPlatforms) = preSolution
		Debug|Any CPU = Debug|Any CPU
		Release|Any CPU = Release|Any CPU
	EndGlobalSection
	GlobalSection(ProjectConfigurationPlatforms) = postSolution
		{D5AF4EC4-6068-4CDF-9ADF-34D07A1BB126}.Debug|Any CPU.ActiveCfg = Debug|Any CPU
		{D5AF4EC4-6068-4CDF-9ADF-34D07A1BB126}.Debug|Any CPU.Build.0 = Debug|Any CPU
		{D5AF4EC4-6068-4CDF-9ADF-34D07A1BB126}.Release|Any CPU.ActiveCfg = Release|Any CPU
		{D5AF4EC4-6068-4CDF-9ADF-34D07A1BB126}.Release|Any CPU.Build.0 = Release|Any CPU
		{7FA0EB58-E5CE-4E39-9ECC-C5A60C3A7D37}.Debug|Any CPU.ActiveCfg = Debug|Any CPU
		{7FA0EB58-E5CE-4E39-9ECC-C5A60C3A7D37}.Debug|Any CPU.Build.0 = Debug|Any CPU
		{7FA0EB58-E5CE-4E39-9ECC-C5A60C3A7D37}.Release|Any CPU.ActiveCfg = Release|Any CPU
		{7FA0EB58-E5CE-4E39-9ECC-C5A60C3A7D37}.Release|Any CPU.Build.0 = Release|Any CPU
	EndGlobalSection
	GlobalSection(SolutionProperties) = preSolution
		HideSolutionNode = FALSE
	EndGlobalSection
	GlobalSection(ExtensibilityGlobals) = postSolution
		SolutionGuid = {E3259A5D-8F7C-45D3-A3D8-1491683D079B}
	EndGlobalSection
EndGlobal
